
Microsoft Visual Studio Solution File, Format Version 12.00
# Visual Studio Version 17
VisualStudioVersion = 17.9.34701.34
MinimumVisualStudioVersion = 10.0.40219.1
Project("{FAE04EC0-301F-11D3-BF4B-00C04F79EFBC}") = "VacationAPI", "VacationAPI\VacationAPI.csproj", "{EEA5F807-E4B4-489F-AE09-B209AB25F350}"
EndProject
Global
	GlobalSection(SolutionConfigurationPlatforms) = preSolution
		Debug|Any CPU = Debug|Any CPU
		Release|Any CPU = Release|Any CPU
	EndGlobalSection
	GlobalSection(ProjectConfigurationPlatforms) = postSolution
		{EEA5F807-E4B4-489F-AE09-B209AB25F350}.Debug|Any CPU.ActiveCfg = Debug|Any CPU
		{EEA5F807-E4B4-489F-AE09-B209AB25F350}.Debug|Any CPU.Build.0 = Debug|Any CPU
		{EEA5F807-E4B4-489F-AE09-B209AB25F350}.Release|Any CPU.ActiveCfg = Release|Any CPU
		{EEA5F807-E4B4-489F-AE09-B209AB25F350}.Release|Any CPU.Build.0 = Release|Any CPU
	EndGlobalSection
	GlobalSection(SolutionProperties) = preSolution
		HideSolutionNode = FALSE
	EndGlobalSection
	GlobalSection(ExtensibilityGlobals) = postSolution
		SolutionGuid = {4F4DC463-772E-4504-87BE-516C324F39F9}
	EndGlobalSection
EndGlobal
