
Microsoft Visual Studio Solution File, Format Version 12.00
# Visual Studio Version 17
VisualStudioVersion = 17.9.34701.34
MinimumVisualStudioVersion = 10.0.40219.1
Project("{9A19103F-16F7-4668-BE54-9A1E7A4F7556}") = "MasiniApi", "MasiniApi\MasiniApi.csproj", "{4AFB3249-631F-45C0-A2E3-87CF362ECFC7}"
EndProject
Project("{FAE04EC0-301F-11D3-BF4B-00C04F79EFBC}") = "Test", "Test\Test.csproj", "{BD0DA8EB-D9AB-4BB3-8012-D29BF71ADC01}"
EndProject
Global
	GlobalSection(SolutionConfigurationPlatforms) = preSolution
		Debug|Any CPU = Debug|Any CPU
		Release|Any CPU = Release|Any CPU
	EndGlobalSection
	GlobalSection(ProjectConfigurationPlatforms) = postSolution
		{4AFB3249-631F-45C0-A2E3-87CF362ECFC7}.Debug|Any CPU.ActiveCfg = Debug|Any CPU
		{4AFB3249-631F-45C0-A2E3-87CF362ECFC7}.Debug|Any CPU.Build.0 = Debug|Any CPU
		{4AFB3249-631F-45C0-A2E3-87CF362ECFC7}.Release|Any CPU.ActiveCfg = Release|Any CPU
		{4AFB3249-631F-45C0-A2E3-87CF362ECFC7}.Release|Any CPU.Build.0 = Release|Any CPU
		{BD0DA8EB-D9AB-4BB3-8012-D29BF71ADC01}.Debug|Any CPU.ActiveCfg = Debug|Any CPU
		{BD0DA8EB-D9AB-4BB3-8012-D29BF71ADC01}.Debug|Any CPU.Build.0 = Debug|Any CPU
		{BD0DA8EB-D9AB-4BB3-8012-D29BF71ADC01}.Release|Any CPU.ActiveCfg = Release|Any CPU
		{BD0DA8EB-D9AB-4BB3-8012-D29BF71ADC01}.Release|Any CPU.Build.0 = Release|Any CPU
	EndGlobalSection
	GlobalSection(SolutionProperties) = preSolution
		HideSolutionNode = FALSE
	EndGlobalSection
	GlobalSection(ExtensibilityGlobals) = postSolution
		SolutionGuid = {D12CAB30-6FFB-4CE2-B26D-B97AA564EB21}
	EndGlobalSection
EndGlobal
