
Microsoft Visual Studio Solution File, Format Version 12.00
# Visual Studio Version 17
VisualStudioVersion = 17.9.34701.34
MinimumVisualStudioVersion = 10.0.40219.1
Project("{FAE04EC0-301F-11D3-BF4B-00C04F79EFBC}") = "StudentApi", "StudentApi\StudentApi.csproj", "{5274B38B-FFEF-4641-B37D-16F8626ED4FE}"
EndProject
Global
	GlobalSection(SolutionConfigurationPlatforms) = preSolution
		Debug|Any CPU = Debug|Any CPU
		Release|Any CPU = Release|Any CPU
	EndGlobalSection
	GlobalSection(ProjectConfigurationPlatforms) = postSolution
		{5274B38B-FFEF-4641-B37D-16F8626ED4FE}.Debug|Any CPU.ActiveCfg = Debug|Any CPU
		{5274B38B-FFEF-4641-B37D-16F8626ED4FE}.Debug|Any CPU.Build.0 = Debug|Any CPU
		{5274B38B-FFEF-4641-B37D-16F8626ED4FE}.Release|Any CPU.ActiveCfg = Release|Any CPU
		{5274B38B-FFEF-4641-B37D-16F8626ED4FE}.Release|Any CPU.Build.0 = Release|Any CPU
	EndGlobalSection
	GlobalSection(SolutionProperties) = preSolution
		HideSolutionNode = FALSE
	EndGlobalSection
	GlobalSection(ExtensibilityGlobals) = postSolution
		SolutionGuid = {6C83137B-019B-4259-98AA-28C90299B6D8}
	EndGlobalSection
EndGlobal
